
Microsoft Visual Studio Solution File, Format Version 12.00
# Visual Studio Version 17
VisualStudioVersion = 17.9.34701.34
MinimumVisualStudioVersion = 10.0.40219.1
Project("{9A19103F-16F7-4668-BE54-9A1E7A4F7556}") = "jcarrollonline.react.backend", "jcarrollonline.react.backend\jcarrollonline.react.backend.csproj", "{C2AAA2C7-FE52-4699-898C-3496B5FBD242}"
EndProject
Global
	GlobalSection(SolutionConfigurationPlatforms) = preSolution
		Debug|Any CPU = Debug|Any CPU
		Release|Any CPU = Release|Any CPU
	EndGlobalSection
	GlobalSection(ProjectConfigurationPlatforms) = postSolution
		{C2AAA2C7-FE52-4699-898C-3496B5FBD242}.Debug|Any CPU.ActiveCfg = Debug|Any CPU
		{C2AAA2C7-FE52-4699-898C-3496B5FBD242}.Debug|Any CPU.Build.0 = Debug|Any CPU
		{C2AAA2C7-FE52-4699-898C-3496B5FBD242}.Release|Any CPU.ActiveCfg = Release|Any CPU
		{C2AAA2C7-FE52-4699-898C-3496B5FBD242}.Release|Any CPU.Build.0 = Release|Any CPU
	EndGlobalSection
	GlobalSection(SolutionProperties) = preSolution
		HideSolutionNode = FALSE
	EndGlobalSection
	GlobalSection(ExtensibilityGlobals) = postSolution
		SolutionGuid = {17EA3F1D-CAE1-4648-93AB-48BEFD0A9C2A}
	EndGlobalSection
EndGlobal
